
Microsoft Visual Studio Solution File, Format Version 12.00
Project("{2150E333-8FDC-42A3-9474-1A3956D46DE8}") = "src", "src", "{5A4F7274-561E-4437-8CCD-E2C2203CD537}"
EndProject
Project("{2150E333-8FDC-42A3-9474-1A3956D46DE8}") = "tests", "tests", "{A8326DA6-F20F-491C-BDBD-93FCD4A666A7}"
EndProject
Project("{FAE04EC0-301F-11D3-BF4B-00C04F79EFBC}") = "Aeta.Extensions.PocoDynamo", "src\Aeta.Extensions.PocoDynamo\Aeta.Extensions.PocoDynamo.csproj", "{CC9AB382-A243-49A8-95C4-742AAC7CA57B}"
EndProject
Global
	GlobalSection(SolutionConfigurationPlatforms) = preSolution
		Debug|Any CPU = Debug|Any CPU
		Release|Any CPU = Release|Any CPU
	EndGlobalSection
	GlobalSection(NestedProjects) = preSolution
		{CC9AB382-A243-49A8-95C4-742AAC7CA57B} = {5A4F7274-561E-4437-8CCD-E2C2203CD537}
	EndGlobalSection
	GlobalSection(ProjectConfigurationPlatforms) = postSolution
		{CC9AB382-A243-49A8-95C4-742AAC7CA57B}.Debug|Any CPU.ActiveCfg = Debug|Any CPU
		{CC9AB382-A243-49A8-95C4-742AAC7CA57B}.Debug|Any CPU.Build.0 = Debug|Any CPU
		{CC9AB382-A243-49A8-95C4-742AAC7CA57B}.Release|Any CPU.ActiveCfg = Release|Any CPU
		{CC9AB382-A243-49A8-95C4-742AAC7CA57B}.Release|Any CPU.Build.0 = Release|Any CPU
	EndGlobalSection
EndGlobal
